// !$*UTF8*$!
{
	archiveVersion = 1;
	classes = {
	};
	objectVersion = 46;
	objects = {

/* Begin PBXBuildFile section */
		1F75677E15D4C2BE004512BE /* UIKit.framework in Frameworks */ = {isa = PBXBuildFile; fileRef = 1F75677D15D4C2BE004512BE /* UIKit.framework */; };
		1F75678015D4C2BE004512BE /* Foundation.framework in Frameworks */ = {isa = PBXBuildFile; fileRef = 1F75677F15D4C2BE004512BE /* Foundation.framework */; };
		1F75678215D4C2BE004512BE /* CoreGraphics.framework in Frameworks */ = {isa = PBXBuildFile; fileRef = 1F75678115D4C2BE004512BE /* CoreGraphics.framework */; };
		1F75678815D4C2BE004512BE /* InfoPlist.strings in Resources */ = {isa = PBXBuildFile; fileRef = 1F75678615D4C2BE004512BE /* InfoPlist.strings */; };
		1F75678A15D4C2BE004512BE /* main.m in Sources */ = {isa = PBXBuildFile; fileRef = 1F75678915D4C2BE004512BE /* main.m */; };
		1F75679515D4C2ED004512BE /* Storyboard.storyboard in Resources */ = {isa = PBXBuildFile; fileRef = 1F75679415D4C2ED004512BE /* Storyboard.storyboard */; };
		1F75679815D4C32F004512BE /* JKRootViewController.m in Sources */ = {isa = PBXBuildFile; fileRef = 1F75679715D4C32F004512BE /* JKRootViewController.m */; };
		1F75679E15D4C448004512BE /* Nature in Resources */ = {isa = PBXBuildFile; fileRef = 1F75679D15D4C448004512BE /* Nature */; };
		1F7567A215D4C528004512BE /* AppDelegate.m in Sources */ = {isa = PBXBuildFile; fileRef = 1F7567A115D4C4D7004512BE /* AppDelegate.m */; };
/* End PBXBuildFile section */

/* Begin PBXFileReference section */
		1F75677915D4C2BE004512BE /* NSOperationQueueExample.app */ = {isa = PBXFileReference; explicitFileType = wrapper.application; includeInIndex = 0; path = NSOperationQueueExample.app; sourceTree = BUILT_PRODUCTS_DIR; };
		1F75677D15D4C2BE004512BE /* UIKit.framework */ = {isa = PBXFileReference; lastKnownFileType = wrapper.framework; name = UIKit.framework; path = System/Library/Frameworks/UIKit.framework; sourceTree = SDKROOT; };
		1F75677F15D4C2BE004512BE /* Foundation.framework */ = {isa = PBXFileReference; lastKnownFileType = wrapper.framework; name = Foundation.framework; path = System/Library/Frameworks/Foundation.framework; sourceTree = SDKROOT; };
		1F75678115D4C2BE004512BE /* CoreGraphics.framework */ = {isa = PBXFileReference; lastKnownFileType = wrapper.framework; name = CoreGraphics.framework; path = System/Library/Frameworks/CoreGraphics.framework; sourceTree = SDKROOT; };
		1F75678515D4C2BE004512BE /* NSOperationQueueExample-Info.plist */ = {isa = PBXFileReference; lastKnownFileType = text.plist.xml; path = "NSOperationQueueExample-Info.plist"; sourceTree = "<group>"; };
		1F75678715D4C2BE004512BE /* en */ = {isa = PBXFileReference; lastKnownFileType = text.plist.strings; name = en; path = en.lproj/InfoPlist.strings; sourceTree = "<group>"; };
		1F75678915D4C2BE004512BE /* main.m */ = {isa = PBXFileReference; lastKnownFileType = sourcecode.c.objc; path = main.m; sourceTree = "<group>"; };
		1F75678B15D4C2BE004512BE /* NSOperationQueueExample-Prefix.pch */ = {isa = PBXFileReference; lastKnownFileType = sourcecode.c.h; path = "NSOperationQueueExample-Prefix.pch"; sourceTree = "<group>"; };
		1F75679415D4C2ED004512BE /* Storyboard.storyboard */ = {isa = PBXFileReference; fileEncoding = 4; lastKnownFileType = file.storyboard; path = Storyboard.storyboard; sourceTree = "<group>"; };
		1F75679615D4C32F004512BE /* JKRootViewController.h */ = {isa = PBXFileReference; fileEncoding = 4; lastKnownFileType = sourcecode.c.h; path = JKRootViewController.h; sourceTree = "<group>"; };
		1F75679715D4C32F004512BE /* JKRootViewController.m */ = {isa = PBXFileReference; fileEncoding = 4; lastKnownFileType = sourcecode.c.objc; path = JKRootViewController.m; sourceTree = "<group>"; };
		1F75679D15D4C448004512BE /* Nature */ = {isa = PBXFileReference; lastKnownFileType = folder; path = Nature; sourceTree = "<group>"; };
		1F7567A015D4C4D7004512BE /* AppDelegate.h */ = {isa = PBXFileReference; lastKnownFileType = sourcecode.c.h; path = AppDelegate.h; sourceTree = "<group>"; };
		1F7567A115D4C4D7004512BE /* AppDelegate.m */ = {isa = PBXFileReference; lastKnownFileType = sourcecode.c.objc; path = AppDelegate.m; sourceTree = "<group>"; };
/* End PBXFileReference section */

/* Begin PBXFrameworksBuildPhase section */
		1F75677615D4C2BE004512BE /* Frameworks */ = {
			isa = PBXFrameworksBuildPhase;
			buildActionMask = 2147483647;
			files = (
				1F75677E15D4C2BE004512BE /* UIKit.framework in Frameworks */,
				1F75678015D4C2BE004512BE /* Foundation.framework in Frameworks */,
				1F75678215D4C2BE004512BE /* CoreGraphics.framework in Frameworks */,
			);
			runOnlyForDeploymentPostprocessing = 0;
		};
/* End PBXFrameworksBuildPhase section */

/* Begin PBXGroup section */
		1F75676E15D4C2BE004512BE = {
			isa = PBXGroup;
			children = (
				1F75678315D4C2BE004512BE /* NSOperationQueueExample */,
				1F75677C15D4C2BE004512BE /* Frameworks */,
				1F75677A15D4C2BE004512BE /* Products */,
			);
			sourceTree = "<group>";
		};
		1F75677A15D4C2BE004512BE /* Products */ = {
			isa = PBXGroup;
			children = (
				1F75677915D4C2BE004512BE /* NSOperationQueueExample.app */,
			);
			name = Products;
			sourceTree = "<group>";
		};
		1F75677C15D4C2BE004512BE /* Frameworks */ = {
			isa = PBXGroup;
			children = (
				1F75677D15D4C2BE004512BE /* UIKit.framework */,
				1F75677F15D4C2BE004512BE /* Foundation.framework */,
				1F75678115D4C2BE004512BE /* CoreGraphics.framework */,
			);
			name = Frameworks;
			sourceTree = "<group>";
		};
		1F75678315D4C2BE004512BE /* NSOperationQueueExample */ = {
			isa = PBXGroup;
			children = (
				1F7567A015D4C4D7004512BE /* AppDelegate.h */,
				1F7567A115D4C4D7004512BE /* AppDelegate.m */,
				1F75679D15D4C448004512BE /* Nature */,
				1F75679615D4C32F004512BE /* JKRootViewController.h */,
				1F75679715D4C32F004512BE /* JKRootViewController.m */,
				1F75678415D4C2BE004512BE /* Supporting Files */,
			);
			path = NSOperationQueueExample;
			sourceTree = "<group>";
		};
		1F75678415D4C2BE004512BE /* Supporting Files */ = {
			isa = PBXGroup;
			children = (
				1F75678515D4C2BE004512BE /* NSOperationQueueExample-Info.plist */,
				1F75678615D4C2BE004512BE /* InfoPlist.strings */,
				1F75678915D4C2BE004512BE /* main.m */,
				1F75678B15D4C2BE004512BE /* NSOperationQueueExample-Prefix.pch */,
				1F75679415D4C2ED004512BE /* Storyboard.storyboard */,
			);
			name = "Supporting Files";
			sourceTree = "<group>";
		};
/* End PBXGroup section */

/* Begin PBXNativeTarget section */
		1F75677815D4C2BE004512BE /* NSOperationQueueExample */ = {
			isa = PBXNativeTarget;
			buildConfigurationList = 1F75679115D4C2BE004512BE /* Build configuration list for PBXNativeTarget "NSOperationQueueExample" */;
			buildPhases = (
				1F75677515D4C2BE004512BE /* Sources */,
				1F75677615D4C2BE004512BE /* Frameworks */,
				1F75677715D4C2BE004512BE /* Resources */,
			);
			buildRules = (
			);
			dependencies = (
			);
			name = NSOperationQueueExample;
			productName = NSOperationQueueExample;
			productReference = 1F75677915D4C2BE004512BE /* NSOperationQueueExample.app */;
			productType = "com.apple.product-type.application";
		};
/* End PBXNativeTarget section */

/* Begin PBXProject section */
		1F75677015D4C2BE004512BE /* Project object */ = {
			isa = PBXProject;
			attributes = {
				CLASSPREFIX = JK;
				LastUpgradeCheck = 0440;
				ORGANIZATIONNAME = "Jeff Kelley";
			};
			buildConfigurationList = 1F75677315D4C2BE004512BE /* Build configuration list for PBXProject "NSOperationQueueExample" */;
			compatibilityVersion = "Xcode 3.2";
			developmentRegion = English;
			hasScannedForEncodings = 0;
			knownRegions = (
				en,
			);
			mainGroup = 1F75676E15D4C2BE004512BE;
			productRefGroup = 1F75677A15D4C2BE004512BE /* Products */;
			projectDirPath = "";
			projectRoot = "";
			targets = (
				1F75677815D4C2BE004512BE /* NSOperationQueueExample */,
			);
		};
/* End PBXProject section */

/* Begin PBXResourcesBuildPhase section */
		1F75677715D4C2BE004512BE /* Resources */ = {
			isa = PBXResourcesBuildPhase;
			buildActionMask = 2147483647;
			files = (
				1F75678815D4C2BE004512BE /* InfoPlist.strings in Resources */,
				1F75679515D4C2ED004512BE /* Storyboard.storyboard in Resources */,
				1F75679E15D4C448004512BE /* Nature in Resources */,
			);
			runOnlyForDeploymentPostprocessing = 0;
		};
/* End PBXResourcesBuildPhase section */

/* Begin PBXSourcesBuildPhase section */
		1F75677515D4C2BE004512BE /* Sources */ = {
			isa = PBXSourcesBuildPhase;
			buildActionMask = 2147483647;
			files = (
				1F75678A15D4C2BE004512BE /* main.m in Sources */,
				1F75679815D4C32F004512BE /* JKRootViewController.m in Sources */,
				1F7567A215D4C528004512BE /* AppDelegate.m in Sources */,
			);
			runOnlyForDeploymentPostprocessing = 0;
		};
/* End PBXSourcesBuildPhase section */

/* Begin PBXVariantGroup section */
		1F75678615D4C2BE004512BE /* InfoPlist.strings */ = {
			isa = PBXVariantGroup;
			children = (
				1F75678715D4C2BE004512BE /* en */,
			);
			name = InfoPlist.strings;
			sourceTree = "<group>";
		};
/* End PBXVariantGroup section */

/* Begin XCBuildConfiguration section */
		1F75678F15D4C2BE004512BE /* Debug */ = {
			isa = XCBuildConfiguration;
			buildSettings = {
				ALWAYS_SEARCH_USER_PATHS = NO;
				ARCHS = "$(ARCHS_STANDARD_32_BIT)";
				CLANG_CXX_LANGUAGE_STANDARD = "gnu++0x";
				CLANG_ENABLE_OBJC_ARC = YES;
				CLANG_WARN__DUPLICATE_METHOD_MATCH = YES;
				"CODE_SIGN_IDENTITY[sdk=iphoneos*]" = "iPhone Developer";
				COPY_PHASE_STRIP = NO;
				GCC_C_LANGUAGE_STANDARD = gnu99;
				GCC_DYNAMIC_NO_PIC = NO;
				GCC_OPTIMIZATION_LEVEL = 0;
				GCC_PREPROCESSOR_DEFINITIONS = (
					"DEBUG=1",
					"$(inherited)",
				);
				GCC_SYMBOLS_PRIVATE_EXTERN = NO;
				GCC_VERSION = com.apple.compilers.llvm.clang.1_0;
				GCC_WARN_ABOUT_RETURN_TYPE = YES;
				GCC_WARN_UNINITIALIZED_AUTOS = YES;
				GCC_WARN_UNUSED_VARIABLE = YES;
				IPHONEOS_DEPLOYMENT_TARGET = 5.1;
				SDKROOT = iphoneos;
			};
			name = Debug;
		};
		1F75679015D4C2BE004512BE /* Release */ = {
			isa = XCBuildConfiguration;
			buildSettings = {
				ALWAYS_SEARCH_USER_PATHS = NO;
				ARCHS = "$(ARCHS_STANDARD_32_BIT)";
				CLANG_CXX_LANGUAGE_STANDARD = "gnu++0x";
				CLANG_ENABLE_OBJC_ARC = YES;
				CLANG_WARN__DUPLICATE_METHOD_MATCH = YES;
				"CODE_SIGN_IDENTITY[sdk=iphoneos*]" = "iPhone Developer";
				COPY_PHASE_STRIP = YES;
				GCC_C_LANGUAGE_STANDARD = gnu99;
				GCC_VERSION = com.apple.compilers.llvm.clang.1_0;
				GCC_WARN_ABOUT_RETURN_TYPE = YES;
				GCC_WARN_UNINITIALIZED_AUTOS = YES;
				GCC_WARN_UNUSED_VARIABLE = YES;
				IPHONEOS_DEPLOYMENT_TARGET = 5.1;
				OTHER_CFLAGS = "-DNS_BLOCK_ASSERTIONS=1";
				SDKROOT = iphoneos;
				VALIDATE_PRODUCT = YES;
			};
			name = Release;
		};
		1F75679215D4C2BE004512BE /* Debug */ = {
			isa = XCBuildConfiguration;
			buildSettings = {
				GCC_PRECOMPILE_PREFIX_HEADER = YES;
				GCC_PREFIX_HEADER = "NSOperationQueueExample/NSOperationQueueExample-Prefix.pch";
				INFOPLIST_FILE = "NSOperationQueueExample/NSOperationQueueExample-Info.plist";
				PRODUCT_NAME = "$(TARGET_NAME)";
				WRAPPER_EXTENSION = app;
			};
			name = Debug;
		};
		1F75679315D4C2BE004512BE /* Release */ = {
			isa = XCBuildConfiguration;
			buildSettings = {
				GCC_PRECOMPILE_PREFIX_HEADER = YES;
				GCC_PREFIX_HEADER = "NSOperationQueueExample/NSOperationQueueExample-Prefix.pch";
				INFOPLIST_FILE = "NSOperationQueueExample/NSOperationQueueExample-Info.plist";
				PRODUCT_NAME = "$(TARGET_NAME)";
				WRAPPER_EXTENSION = app;
			};
			name = Release;
		};
/* End XCBuildConfiguration section */

/* Begin XCConfigurationList section */
		1F75677315D4C2BE004512BE /* Build configuration list for PBXProject "NSOperationQueueExample" */ = {
			isa = XCConfigurationList;
			buildConfigurations = (
				1F75678F15D4C2BE004512BE /* Debug */,
				1F75679015D4C2BE004512BE /* Release */,
			);
			defaultConfigurationIsVisible = 0;
			defaultConfigurationName = Release;
		};
		1F75679115D4C2BE004512BE /* Build configuration list for PBXNativeTarget "NSOperationQueueExample" */ = {
			isa = XCConfigurationList;
			buildConfigurations = (
				1F75679215D4C2BE004512BE /* Debug */,
				1F75679315D4C2BE004512BE /* Release */,
			);
			defaultConfigurationIsVisible = 0;
			defaultConfigurationName = Release;
		};
/* End XCConfigurationList section */
	};
	rootObject = 1F75677015D4C2BE004512BE /* Project object */;
}
